// !$*UTF8*$!
{
	archiveVersion = 1;
	classes = {
	};
	objectVersion = 46;
	objects = {

/* Begin PBXBuildFile section */
		0C218B801E7C06E50074B3C9 /* main.m in Sources */ = {isa = PBXBuildFile; fileRef = 0C218B7F1E7C06E50074B3C9 /* main.m */; };
		0C218B831E7C06E50074B3C9 /* AppDelegate.m in Sources */ = {isa = PBXBuildFile; fileRef = 0C218B821E7C06E50074B3C9 /* AppDelegate.m */; };
		0C218B891E7C06E50074B3C9 /* Main.storyboard in Resources */ = {isa = PBXBuildFile; fileRef = 0C218B871E7C06E50074B3C9 /* Main.storyboard */; };
		0C218B8B1E7C06E50074B3C9 /* Assets.xcassets in Resources */ = {isa = PBXBuildFile; fileRef = 0C218B8A1E7C06E50074B3C9 /* Assets.xcassets */; };
		0C218B8E1E7C06E50074B3C9 /* LaunchScreen.storyboard in Resources */ = {isa = PBXBuildFile; fileRef = 0C218B8C1E7C06E50074B3C9 /* LaunchScreen.storyboard */; };
		0C218B991E7C06E50074B3C9 /* LPDevCollectionTests.m in Sources */ = {isa = PBXBuildFile; fileRef = 0C218B981E7C06E50074B3C9 /* LPDevCollectionTests.m */; };
		0C218BA41E7C06E50074B3C9 /* LPDevCollectionUITests.m in Sources */ = {isa = PBXBuildFile; fileRef = 0C218BA31E7C06E50074B3C9 /* LPDevCollectionUITests.m */; };
		0C9F8E3D1E7C2CF400612EC4 /* IFTTTPageViewController.m in Sources */ = {isa = PBXBuildFile; fileRef = 0C9F8E3C1E7C2CF400612EC4 /* IFTTTPageViewController.m */; };
		16DCACAD30A2D6C49CE8D35A /* libPods-LPDevCollection.a in Frameworks */ = {isa = PBXBuildFile; fileRef = 7DFEE3E4CB5CD52E592CC406 /* libPods-LPDevCollection.a */; };
/* End PBXBuildFile section */

/* Begin PBXContainerItemProxy section */
		0C218B951E7C06E50074B3C9 /* PBXContainerItemProxy */ = {
			isa = PBXContainerItemProxy;
			containerPortal = 0C218B731E7C06E50074B3C9 /* Project object */;
			proxyType = 1;
			remoteGlobalIDString = 0C218B7A1E7C06E50074B3C9;
			remoteInfo = LPDevCollection;
		};
		0C218BA01E7C06E50074B3C9 /* PBXContainerItemProxy */ = {
			isa = PBXContainerItemProxy;
			containerPortal = 0C218B731E7C06E50074B3C9 /* Project object */;
			proxyType = 1;
			remoteGlobalIDString = 0C218B7A1E7C06E50074B3C9;
			remoteInfo = LPDevCollection;
		};
/* End PBXContainerItemProxy section */

/* Begin PBXFileReference section */
		0C07CCB41E7D5BA500456EA0 /* LPConstants.h */ = {isa = PBXFileReference; fileEncoding = 4; lastKnownFileType = sourcecode.c.h; path = LPConstants.h; sourceTree = "<group>"; };
		0C218B7B1E7C06E50074B3C9 /* LPDevCollection.app */ = {isa = PBXFileReference; explicitFileType = wrapper.application; includeInIndex = 0; path = LPDevCollection.app; sourceTree = BUILT_PRODUCTS_DIR; };
		0C218B7F1E7C06E50074B3C9 /* main.m */ = {isa = PBXFileReference; lastKnownFileType = sourcecode.c.objc; path = main.m; sourceTree = "<group>"; };
		0C218B811E7C06E50074B3C9 /* AppDelegate.h */ = {isa = PBXFileReference; lastKnownFileType = sourcecode.c.h; path = AppDelegate.h; sourceTree = "<group>"; };
		0C218B821E7C06E50074B3C9 /* AppDelegate.m */ = {isa = PBXFileReference; lastKnownFileType = sourcecode.c.objc; path = AppDelegate.m; sourceTree = "<group>"; };
		0C218B881E7C06E50074B3C9 /* Base */ = {isa = PBXFileReference; lastKnownFileType = file.storyboard; name = Base; path = Base.lproj/Main.storyboard; sourceTree = "<group>"; };
		0C218B8A1E7C06E50074B3C9 /* Assets.xcassets */ = {isa = PBXFileReference; lastKnownFileType = folder.assetcatalog; path = Assets.xcassets; sourceTree = "<group>"; };
		0C218B8D1E7C06E50074B3C9 /* Base */ = {isa = PBXFileReference; lastKnownFileType = file.storyboard; name = Base; path = Base.lproj/LaunchScreen.storyboard; sourceTree = "<group>"; };
		0C218B8F1E7C06E50074B3C9 /* Info.plist */ = {isa = PBXFileReference; lastKnownFileType = text.plist.xml; path = Info.plist; sourceTree = "<group>"; };
		0C218B941E7C06E50074B3C9 /* LPDevCollectionTests.xctest */ = {isa = PBXFileReference; explicitFileType = wrapper.cfbundle; includeInIndex = 0; path = LPDevCollectionTests.xctest; sourceTree = BUILT_PRODUCTS_DIR; };
		0C218B981E7C06E50074B3C9 /* LPDevCollectionTests.m */ = {isa = PBXFileReference; lastKnownFileType = sourcecode.c.objc; path = LPDevCollectionTests.m; sourceTree = "<group>"; };
		0C218B9A1E7C06E50074B3C9 /* Info.plist */ = {isa = PBXFileReference; lastKnownFileType = text.plist.xml; path = Info.plist; sourceTree = "<group>"; };
		0C218B9F1E7C06E50074B3C9 /* LPDevCollectionUITests.xctest */ = {isa = PBXFileReference; explicitFileType = wrapper.cfbundle; includeInIndex = 0; path = LPDevCollectionUITests.xctest; sourceTree = BUILT_PRODUCTS_DIR; };
		0C218BA31E7C06E50074B3C9 /* LPDevCollectionUITests.m */ = {isa = PBXFileReference; lastKnownFileType = sourcecode.c.objc; path = LPDevCollectionUITests.m; sourceTree = "<group>"; };
		0C218BA51E7C06E50074B3C9 /* Info.plist */ = {isa = PBXFileReference; lastKnownFileType = text.plist.xml; path = Info.plist; sourceTree = "<group>"; };
		0C9F8E391E7C145E00612EC4 /* LPDevCollection-Prefix.pch */ = {isa = PBXFileReference; fileEncoding = 4; lastKnownFileType = sourcecode.c.h; path = "LPDevCollection-Prefix.pch"; sourceTree = "<group>"; };
		0C9F8E3B1E7C2CF400612EC4 /* IFTTTPageViewController.h */ = {isa = PBXFileReference; fileEncoding = 4; lastKnownFileType = sourcecode.c.h; path = IFTTTPageViewController.h; sourceTree = "<group>"; };
		0C9F8E3C1E7C2CF400612EC4 /* IFTTTPageViewController.m */ = {isa = PBXFileReference; fileEncoding = 4; lastKnownFileType = sourcecode.c.objc; path = IFTTTPageViewController.m; sourceTree = "<group>"; };
		19027DD98761E5CF8BBBAD81 /* Pods-LPDevCollection.debug.xcconfig */ = {isa = PBXFileReference; includeInIndex = 1; lastKnownFileType = text.xcconfig; name = "Pods-LPDevCollection.debug.xcconfig"; path = "Pods/Target Support Files/Pods-LPDevCollection/Pods-LPDevCollection.debug.xcconfig"; sourceTree = "<group>"; };
		7DFEE3E4CB5CD52E592CC406 /* libPods-LPDevCollection.a */ = {isa = PBXFileReference; explicitFileType = archive.ar; includeInIndex = 0; path = "libPods-LPDevCollection.a"; sourceTree = BUILT_PRODUCTS_DIR; };
		F047956C2C229FA9884B6741 /* Pods-LPDevCollection.release.xcconfig */ = {isa = PBXFileReference; includeInIndex = 1; lastKnownFileType = text.xcconfig; name = "Pods-LPDevCollection.release.xcconfig"; path = "Pods/Target Support Files/Pods-LPDevCollection/Pods-LPDevCollection.release.xcconfig"; sourceTree = "<group>"; };
/* End PBXFileReference section */

/* Begin PBXFrameworksBuildPhase section */
		0C218B781E7C06E50074B3C9 /* Frameworks */ = {
			isa = PBXFrameworksBuildPhase;
			buildActionMask = 2147483647;
			files = (
				16DCACAD30A2D6C49CE8D35A /* libPods-LPDevCollection.a in Frameworks */,
			);
			runOnlyForDeploymentPostprocessing = 0;
		};
		0C218B911E7C06E50074B3C9 /* Frameworks */ = {
			isa = PBXFrameworksBuildPhase;
			buildActionMask = 2147483647;
			files = (
			);
			runOnlyForDeploymentPostprocessing = 0;
		};
		0C218B9C1E7C06E50074B3C9 /* Frameworks */ = {
			isa = PBXFrameworksBuildPhase;
			buildActionMask = 2147483647;
			files = (
			);
			runOnlyForDeploymentPostprocessing = 0;
		};
/* End PBXFrameworksBuildPhase section */

/* Begin PBXGroup section */
		0C218B721E7C06E50074B3C9 = {
			isa = PBXGroup;
			children = (
				0C218B7D1E7C06E50074B3C9 /* LPDevCollection */,
				0C218B971E7C06E50074B3C9 /* LPDevCollectionTests */,
				0C218BA21E7C06E50074B3C9 /* LPDevCollectionUITests */,
				0C218B7C1E7C06E50074B3C9 /* Products */,
				BDE228DA5D173F27A9E4FE5D /* Pods */,
				B7D99B0829B1BB65FF57BCB7 /* Frameworks */,
			);
			sourceTree = "<group>";
		};
		0C218B7C1E7C06E50074B3C9 /* Products */ = {
			isa = PBXGroup;
			children = (
				0C218B7B1E7C06E50074B3C9 /* LPDevCollection.app */,
				0C218B941E7C06E50074B3C9 /* LPDevCollectionTests.xctest */,
				0C218B9F1E7C06E50074B3C9 /* LPDevCollectionUITests.xctest */,
			);
			name = Products;
			sourceTree = "<group>";
		};
		0C218B7D1E7C06E50074B3C9 /* LPDevCollection */ = {
			isa = PBXGroup;
			children = (
				0C9F8E3A1E7C271600612EC4 /* JazzHandsDemo */,
				0C218B811E7C06E50074B3C9 /* AppDelegate.h */,
				0C218B821E7C06E50074B3C9 /* AppDelegate.m */,
				0C218B871E7C06E50074B3C9 /* Main.storyboard */,
				0C218B8A1E7C06E50074B3C9 /* Assets.xcassets */,
				0C9F8E391E7C145E00612EC4 /* LPDevCollection-Prefix.pch */,
				0C218B8C1E7C06E50074B3C9 /* LaunchScreen.storyboard */,
				0C218B8F1E7C06E50074B3C9 /* Info.plist */,
				0C218B7E1E7C06E50074B3C9 /* Supporting Files */,
				0C07CCB41E7D5BA500456EA0 /* LPConstants.h */,
			);
			path = LPDevCollection;
			sourceTree = "<group>";
		};
		0C218B7E1E7C06E50074B3C9 /* Supporting Files */ = {
			isa = PBXGroup;
			children = (
				0C218B7F1E7C06E50074B3C9 /* main.m */,
			);
			name = "Supporting Files";
			sourceTree = "<group>";
		};
		0C218B971E7C06E50074B3C9 /* LPDevCollectionTests */ = {
			isa = PBXGroup;
			children = (
				0C218B981E7C06E50074B3C9 /* LPDevCollectionTests.m */,
				0C218B9A1E7C06E50074B3C9 /* Info.plist */,
			);
			path = LPDevCollectionTests;
			sourceTree = "<group>";
		};
		0C218BA21E7C06E50074B3C9 /* LPDevCollectionUITests */ = {
			isa = PBXGroup;
			children = (
				0C218BA31E7C06E50074B3C9 /* LPDevCollectionUITests.m */,
				0C218BA51E7C06E50074B3C9 /* Info.plist */,
			);
			path = LPDevCollectionUITests;
			sourceTree = "<group>";
		};
		0C9F8E3A1E7C271600612EC4 /* JazzHandsDemo */ = {
			isa = PBXGroup;
			children = (
				0C9F8E3B1E7C2CF400612EC4 /* IFTTTPageViewController.h */,
				0C9F8E3C1E7C2CF400612EC4 /* IFTTTPageViewController.m */,
			);
			path = JazzHandsDemo;
			sourceTree = "<group>";
		};
		B7D99B0829B1BB65FF57BCB7 /* Frameworks */ = {
			isa = PBXGroup;
			children = (
				7DFEE3E4CB5CD52E592CC406 /* libPods-LPDevCollection.a */,
			);
			name = Frameworks;
			sourceTree = "<group>";
		};
		BDE228DA5D173F27A9E4FE5D /* Pods */ = {
			isa = PBXGroup;
			children = (
				19027DD98761E5CF8BBBAD81 /* Pods-LPDevCollection.debug.xcconfig */,
				F047956C2C229FA9884B6741 /* Pods-LPDevCollection.release.xcconfig */,
			);
			name = Pods;
			sourceTree = "<group>";
		};
/* End PBXGroup section */

/* Begin PBXNativeTarget section */
		0C218B7A1E7C06E50074B3C9 /* LPDevCollection */ = {
			isa = PBXNativeTarget;
			buildConfigurationList = 0C218BA81E7C06E50074B3C9 /* Build configuration list for PBXNativeTarget "LPDevCollection" */;
			buildPhases = (
				6B8B8E7A027F898657B7BF25 /* [CP] Check Pods Manifest.lock */,
				0C218B771E7C06E50074B3C9 /* Sources */,
				0C218B781E7C06E50074B3C9 /* Frameworks */,
				0C218B791E7C06E50074B3C9 /* Resources */,
				D9F0C455EA344A5BFCAD8851 /* [CP] Embed Pods Frameworks */,
				E6C6DDFB16819667DC98BC5E /* [CP] Copy Pods Resources */,
			);
			buildRules = (
			);
			dependencies = (
			);
			name = LPDevCollection;
			productName = LPDevCollection;
			productReference = 0C218B7B1E7C06E50074B3C9 /* LPDevCollection.app */;
			productType = "com.apple.product-type.application";
		};
		0C218B931E7C06E50074B3C9 /* LPDevCollectionTests */ = {
			isa = PBXNativeTarget;
			buildConfigurationList = 0C218BAB1E7C06E50074B3C9 /* Build configuration list for PBXNativeTarget "LPDevCollectionTests" */;
			buildPhases = (
				0C218B901E7C06E50074B3C9 /* Sources */,
				0C218B911E7C06E50074B3C9 /* Frameworks */,
				0C218B921E7C06E50074B3C9 /* Resources */,
			);
			buildRules = (
			);
			dependencies = (
				0C218B961E7C06E50074B3C9 /* PBXTargetDependency */,
			);
			name = LPDevCollectionTests;
			productName = LPDevCollectionTests;
			productReference = 0C218B941E7C06E50074B3C9 /* LPDevCollectionTests.xctest */;
			productType = "com.apple.product-type.bundle.unit-test";
		};
		0C218B9E1E7C06E50074B3C9 /* LPDevCollectionUITests */ = {
			isa = PBXNativeTarget;
			buildConfigurationList = 0C218BAE1E7C06E50074B3C9 /* Build configuration list for PBXNativeTarget "LPDevCollectionUITests" */;
			buildPhases = (
				0C218B9B1E7C06E50074B3C9 /* Sources */,
				0C218B9C1E7C06E50074B3C9 /* Frameworks */,
				0C218B9D1E7C06E50074B3C9 /* Resources */,
			);
			buildRules = (
			);
			dependencies = (
				0C218BA11E7C06E50074B3C9 /* PBXTargetDependency */,
			);
			name = LPDevCollectionUITests;
			productName = LPDevCollectionUITests;
			productReference = 0C218B9F1E7C06E50074B3C9 /* LPDevCollectionUITests.xctest */;
			productType = "com.apple.product-type.bundle.ui-testing";
		};
/* End PBXNativeTarget section */

/* Begin PBXProject section */
		0C218B731E7C06E50074B3C9 /* Project object */ = {
			isa = PBXProject;
			attributes = {
				LastUpgradeCheck = 0810;
				ORGANIZATIONNAME = LPDev;
				TargetAttributes = {
					0C218B7A1E7C06E50074B3C9 = {
						CreatedOnToolsVersion = 8.1;
						ProvisioningStyle = Automatic;
					};
					0C218B931E7C06E50074B3C9 = {
						CreatedOnToolsVersion = 8.1;
						ProvisioningStyle = Automatic;
						TestTargetID = 0C218B7A1E7C06E50074B3C9;
					};
					0C218B9E1E7C06E50074B3C9 = {
						CreatedOnToolsVersion = 8.1;
						ProvisioningStyle = Automatic;
						TestTargetID = 0C218B7A1E7C06E50074B3C9;
					};
				};
			};
			buildConfigurationList = 0C218B761E7C06E50074B3C9 /* Build configuration list for PBXProject "LPDevCollection" */;
			compatibilityVersion = "Xcode 3.2";
			developmentRegion = English;
			hasScannedForEncodings = 0;
			knownRegions = (
				en,
				Base,
			);
			mainGroup = 0C218B721E7C06E50074B3C9;
			productRefGroup = 0C218B7C1E7C06E50074B3C9 /* Products */;
			projectDirPath = "";
			projectRoot = "";
			targets = (
				0C218B7A1E7C06E50074B3C9 /* LPDevCollection */,
				0C218B931E7C06E50074B3C9 /* LPDevCollectionTests */,
				0C218B9E1E7C06E50074B3C9 /* LPDevCollectionUITests */,
			);
		};
/* End PBXProject section */

/* Begin PBXResourcesBuildPhase section */
		0C218B791E7C06E50074B3C9 /* Resources */ = {
			isa = PBXResourcesBuildPhase;
			buildActionMask = 2147483647;
			files = (
				0C218B8E1E7C06E50074B3C9 /* LaunchScreen.storyboard in Resources */,
				0C218B8B1E7C06E50074B3C9 /* Assets.xcassets in Resources */,
				0C218B891E7C06E50074B3C9 /* Main.storyboard in Resources */,
			);
			runOnlyForDeploymentPostprocessing = 0;
		};
		0C218B921E7C06E50074B3C9 /* Resources */ = {
			isa = PBXResourcesBuildPhase;
			buildActionMask = 2147483647;
			files = (
			);
			runOnlyForDeploymentPostprocessing = 0;
		};
		0C218B9D1E7C06E50074B3C9 /* Resources */ = {
			isa = PBXResourcesBuildPhase;
			buildActionMask = 2147483647;
			files = (
			);
			runOnlyForDeploymentPostprocessing = 0;
		};
/* End PBXResourcesBuildPhase section */

/* Begin PBXShellScriptBuildPhase section */
		6B8B8E7A027F898657B7BF25 /* [CP] Check Pods Manifest.lock */ = {
			isa = PBXShellScriptBuildPhase;
			buildActionMask = 2147483647;
			files = (
			);
			inputPaths = (
			);
			name = "[CP] Check Pods Manifest.lock";
			outputPaths = (
			);
			runOnlyForDeploymentPostprocessing = 0;
			shellPath = /bin/sh;
			shellScript = "diff \"${PODS_ROOT}/../Podfile.lock\" \"${PODS_ROOT}/Manifest.lock\" > /dev/null\nif [ $? != 0 ] ; then\n    # print error to STDERR\n    echo \"error: The sandbox is not in sync with the Podfile.lock. Run 'pod install' or update your CocoaPods installation.\" >&2\n    exit 1\nfi\n";
			showEnvVarsInLog = 0;
		};
		D9F0C455EA344A5BFCAD8851 /* [CP] Embed Pods Frameworks */ = {
			isa = PBXShellScriptBuildPhase;
			buildActionMask = 2147483647;
			files = (
			);
			inputPaths = (
			);
			name = "[CP] Embed Pods Frameworks";
			outputPaths = (
			);
			runOnlyForDeploymentPostprocessing = 0;
			shellPath = /bin/sh;
			shellScript = "\"${SRCROOT}/Pods/Target Support Files/Pods-LPDevCollection/Pods-LPDevCollection-frameworks.sh\"\n";
			showEnvVarsInLog = 0;
		};
		E6C6DDFB16819667DC98BC5E /* [CP] Copy Pods Resources */ = {
			isa = PBXShellScriptBuildPhase;
			buildActionMask = 2147483647;
			files = (
			);
			inputPaths = (
			);
			name = "[CP] Copy Pods Resources";
			outputPaths = (
			);
			runOnlyForDeploymentPostprocessing = 0;
			shellPath = /bin/sh;
			shellScript = "\"${SRCROOT}/Pods/Target Support Files/Pods-LPDevCollection/Pods-LPDevCollection-resources.sh\"\n";
			showEnvVarsInLog = 0;
		};
/* End PBXShellScriptBuildPhase section */

/* Begin PBXSourcesBuildPhase section */
		0C218B771E7C06E50074B3C9 /* Sources */ = {
			isa = PBXSourcesBuildPhase;
			buildActionMask = 2147483647;
			files = (
				0C218B831E7C06E50074B3C9 /* AppDelegate.m in Sources */,
				0C218B801E7C06E50074B3C9 /* main.m in Sources */,
				0C9F8E3D1E7C2CF400612EC4 /* IFTTTPageViewController.m in Sources */,
			);
			runOnlyForDeploymentPostprocessing = 0;
		};
		0C218B901E7C06E50074B3C9 /* Sources */ = {
			isa = PBXSourcesBuildPhase;
			buildActionMask = 2147483647;
			files = (
				0C218B991E7C06E50074B3C9 /* LPDevCollectionTests.m in Sources */,
			);
			runOnlyForDeploymentPostprocessing = 0;
		};
		0C218B9B1E7C06E50074B3C9 /* Sources */ = {
			isa = PBXSourcesBuildPhase;
			buildActionMask = 2147483647;
			files = (
				0C218BA41E7C06E50074B3C9 /* LPDevCollectionUITests.m in Sources */,
			);
			runOnlyForDeploymentPostprocessing = 0;
		};
/* End PBXSourcesBuildPhase section */

/* Begin PBXTargetDependency section */
		0C218B961E7C06E50074B3C9 /* PBXTargetDependency */ = {
			isa = PBXTargetDependency;
			target = 0C218B7A1E7C06E50074B3C9 /* LPDevCollection */;
			targetProxy = 0C218B951E7C06E50074B3C9 /* PBXContainerItemProxy */;
		};
		0C218BA11E7C06E50074B3C9 /* PBXTargetDependency */ = {
			isa = PBXTargetDependency;
			target = 0C218B7A1E7C06E50074B3C9 /* LPDevCollection */;
			targetProxy = 0C218BA01E7C06E50074B3C9 /* PBXContainerItemProxy */;
		};
/* End PBXTargetDependency section */

/* Begin PBXVariantGroup section */
		0C218B871E7C06E50074B3C9 /* Main.storyboard */ = {
			isa = PBXVariantGroup;
			children = (
				0C218B881E7C06E50074B3C9 /* Base */,
			);
			name = Main.storyboard;
			sourceTree = "<group>";
		};
		0C218B8C1E7C06E50074B3C9 /* LaunchScreen.storyboard */ = {
			isa = PBXVariantGroup;
			children = (
				0C218B8D1E7C06E50074B3C9 /* Base */,
			);
			name = LaunchScreen.storyboard;
			sourceTree = "<group>";
		};
/* End PBXVariantGroup section */

/* Begin XCBuildConfiguration section */
		0C218BA61E7C06E50074B3C9 /* Debug */ = {
			isa = XCBuildConfiguration;
			buildSettings = {
				ALWAYS_SEARCH_USER_PATHS = NO;
				CLANG_ANALYZER_NONNULL = YES;
				CLANG_CXX_LANGUAGE_STANDARD = "gnu++0x";
				CLANG_CXX_LIBRARY = "libc++";
				CLANG_ENABLE_MODULES = YES;
				CLANG_ENABLE_OBJC_ARC = YES;
				CLANG_WARN_BOOL_CONVERSION = YES;
				CLANG_WARN_CONSTANT_CONVERSION = YES;
				CLANG_WARN_DIRECT_OBJC_ISA_USAGE = YES_ERROR;
				CLANG_WARN_DOCUMENTATION_COMMENTS = YES;
				CLANG_WARN_EMPTY_BODY = YES;
				CLANG_WARN_ENUM_CONVERSION = YES;
				CLANG_WARN_INFINITE_RECURSION = YES;
				CLANG_WARN_INT_CONVERSION = YES;
				CLANG_WARN_OBJC_ROOT_CLASS = YES_ERROR;
				CLANG_WARN_SUSPICIOUS_MOVES = YES;
				CLANG_WARN_UNREACHABLE_CODE = YES;
				CLANG_WARN__DUPLICATE_METHOD_MATCH = YES;
				"CODE_SIGN_IDENTITY[sdk=iphoneos*]" = "iPhone Developer";
				COPY_PHASE_STRIP = NO;
				DEBUG_INFORMATION_FORMAT = dwarf;
				ENABLE_STRICT_OBJC_MSGSEND = YES;
				ENABLE_TESTABILITY = YES;
				GCC_C_LANGUAGE_STANDARD = gnu99;
				GCC_DYNAMIC_NO_PIC = NO;
				GCC_NO_COMMON_BLOCKS = YES;
				GCC_OPTIMIZATION_LEVEL = 0;
				GCC_PREPROCESSOR_DEFINITIONS = (
					"DEBUG=1",
					"$(inherited)",
				);
				GCC_WARN_64_TO_32_BIT_CONVERSION = YES;
				GCC_WARN_ABOUT_RETURN_TYPE = YES_ERROR;
				GCC_WARN_UNDECLARED_SELECTOR = YES;
				GCC_WARN_UNINITIALIZED_AUTOS = YES_AGGRESSIVE;
				GCC_WARN_UNUSED_FUNCTION = YES;
				GCC_WARN_UNUSED_VARIABLE = YES;
				IPHONEOS_DEPLOYMENT_TARGET = 10.1;
				MTL_ENABLE_DEBUG_INFO = YES;
				ONLY_ACTIVE_ARCH = YES;
				SDKROOT = iphoneos;
				TARGETED_DEVICE_FAMILY = "1,2";
			};
			name = Debug;
		};
		0C218BA71E7C06E50074B3C9 /* Release */ = {
			isa = XCBuildConfiguration;
			buildSettings = {
				ALWAYS_SEARCH_USER_PATHS = NO;
				CLANG_ANALYZER_NONNULL = YES;
				CLANG_CXX_LANGUAGE_STANDARD = "gnu++0x";
				CLANG_CXX_LIBRARY = "libc++";
				CLANG_ENABLE_MODULES = YES;
				CLANG_ENABLE_OBJC_ARC = YES;
				CLANG_WARN_BOOL_CONVERSION = YES;
				CLANG_WARN_CONSTANT_CONVERSION = YES;
				CLANG_WARN_DIRECT_OBJC_ISA_USAGE = YES_ERROR;
				CLANG_WARN_DOCUMENTATION_COMMENTS = YES;
				CLANG_WARN_EMPTY_BODY = YES;
				CLANG_WARN_ENUM_CONVERSION = YES;
				CLANG_WARN_INFINITE_RECURSION = YES;
				CLANG_WARN_INT_CONVERSION = YES;
				CLANG_WARN_OBJC_ROOT_CLASS = YES_ERROR;
				CLANG_WARN_SUSPICIOUS_MOVES = YES;
				CLANG_WARN_UNREACHABLE_CODE = YES;
				CLANG_WARN__DUPLICATE_METHOD_MATCH = YES;
				"CODE_SIGN_IDENTITY[sdk=iphoneos*]" = "iPhone Developer";
				COPY_PHASE_STRIP = NO;
				DEBUG_INFORMATION_FORMAT = "dwarf-with-dsym";
				ENABLE_NS_ASSERTIONS = NO;
				ENABLE_STRICT_OBJC_MSGSEND = YES;
				GCC_C_LANGUAGE_STANDARD = gnu99;
				GCC_NO_COMMON_BLOCKS = YES;
				GCC_WARN_64_TO_32_BIT_CONVERSION = YES;
				GCC_WARN_ABOUT_RETURN_TYPE = YES_ERROR;
				GCC_WARN_UNDECLARED_SELECTOR = YES;
				GCC_WARN_UNINITIALIZED_AUTOS = YES_AGGRESSIVE;
				GCC_WARN_UNUSED_FUNCTION = YES;
				GCC_WARN_UNUSED_VARIABLE = YES;
				IPHONEOS_DEPLOYMENT_TARGET = 10.1;
				MTL_ENABLE_DEBUG_INFO = NO;
				SDKROOT = iphoneos;
				TARGETED_DEVICE_FAMILY = "1,2";
				VALIDATE_PRODUCT = YES;
			};
			name = Release;
		};
		0C218BA91E7C06E50074B3C9 /* Debug */ = {
			isa = XCBuildConfiguration;
			baseConfigurationReference = 19027DD98761E5CF8BBBAD81 /* Pods-LPDevCollection.debug.xcconfig */;
			buildSettings = {
				ASSETCATALOG_COMPILER_APPICON_NAME = AppIcon;
				GCC_PRECOMPILE_PREFIX_HEADER = YES;
				GCC_PREFIX_HEADER = "/Users/lipeng/Desktop/LPDevCollection/LPDevCollection/LPDevCollection-Prefix.pch";
				INFOPLIST_FILE = LPDevCollection/Info.plist;
				LD_RUNPATH_SEARCH_PATHS = "$(inherited) @executable_path/Frameworks";
				PRODUCT_BUNDLE_IDENTIFIER = com.LPDev.LPDevCollection;
				PRODUCT_NAME = "$(TARGET_NAME)";
			};
			name = Debug;
		};
		0C218BAA1E7C06E50074B3C9 /* Release */ = {
			isa = XCBuildConfiguration;
			baseConfigurationReference = F047956C2C229FA9884B6741 /* Pods-LPDevCollection.release.xcconfig */;
			buildSettings = {
				ASSETCATALOG_COMPILER_APPICON_NAME = AppIcon;
				GCC_PRECOMPILE_PREFIX_HEADER = YES;
				GCC_PREFIX_HEADER = "/Users/lipeng/Desktop/LPDevCollection/LPDevCollection/LPDevCollection-Prefix.pch";
				INFOPLIST_FILE = LPDevCollection/Info.plist;
				LD_RUNPATH_SEARCH_PATHS = "$(inherited) @executable_path/Frameworks";
				PRODUCT_BUNDLE_IDENTIFIER = com.LPDev.LPDevCollection;
				PRODUCT_NAME = "$(TARGET_NAME)";
			};
			name = Release;
		};
		0C218BAC1E7C06E50074B3C9 /* Debug */ = {
			isa = XCBuildConfiguration;
			buildSettings = {
				BUNDLE_LOADER = "$(TEST_HOST)";
				INFOPLIST_FILE = LPDevCollectionTests/Info.plist;
				LD_RUNPATH_SEARCH_PATHS = "$(inherited) @executable_path/Frameworks @loader_path/Frameworks";
				PRODUCT_BUNDLE_IDENTIFIER = com.LPDev.LPDevCollectionTests;
				PRODUCT_NAME = "$(TARGET_NAME)";
				TEST_HOST = "$(BUILT_PRODUCTS_DIR)/LPDevCollection.app/LPDevCollection";
			};
			name = Debug;
		};
		0C218BAD1E7C06E50074B3C9 /* Release */ = {
			isa = XCBuildConfiguration;
			buildSettings = {
				BUNDLE_LOADER = "$(TEST_HOST)";
				INFOPLIST_FILE = LPDevCollectionTests/Info.plist;
				LD_RUNPATH_SEARCH_PATHS = "$(inherited) @executable_path/Frameworks @loader_path/Frameworks";
				PRODUCT_BUNDLE_IDENTIFIER = com.LPDev.LPDevCollectionTests;
				PRODUCT_NAME = "$(TARGET_NAME)";
				TEST_HOST = "$(BUILT_PRODUCTS_DIR)/LPDevCollection.app/LPDevCollection";
			};
			name = Release;
		};
		0C218BAF1E7C06E50074B3C9 /* Debug */ = {
			isa = XCBuildConfiguration;
			buildSettings = {
				INFOPLIST_FILE = LPDevCollectionUITests/Info.plist;
				LD_RUNPATH_SEARCH_PATHS = "$(inherited) @executable_path/Frameworks @loader_path/Frameworks";
				PRODUCT_BUNDLE_IDENTIFIER = com.LPDev.LPDevCollectionUITests;
				PRODUCT_NAME = "$(TARGET_NAME)";
				TEST_TARGET_NAME = LPDevCollection;
			};
			name = Debug;
		};
		0C218BB01E7C06E50074B3C9 /* Release */ = {
			isa = XCBuildConfiguration;
			buildSettings = {
				INFOPLIST_FILE = LPDevCollectionUITests/Info.plist;
				LD_RUNPATH_SEARCH_PATHS = "$(inherited) @executable_path/Frameworks @loader_path/Frameworks";
				PRODUCT_BUNDLE_IDENTIFIER = com.LPDev.LPDevCollectionUITests;
				PRODUCT_NAME = "$(TARGET_NAME)";
				TEST_TARGET_NAME = LPDevCollection;
			};
			name = Release;
		};
/* End XCBuildConfiguration section */

/* Begin XCConfigurationList section */
		0C218B761E7C06E50074B3C9 /* Build configuration list for PBXProject "LPDevCollection" */ = {
			isa = XCConfigurationList;
			buildConfigurations = (
				0C218BA61E7C06E50074B3C9 /* Debug */,
				0C218BA71E7C06E50074B3C9 /* Release */,
			);
			defaultConfigurationIsVisible = 0;
			defaultConfigurationName = Release;
		};
		0C218BA81E7C06E50074B3C9 /* Build configuration list for PBXNativeTarget "LPDevCollection" */ = {
			isa = XCConfigurationList;
			buildConfigurations = (
				0C218BA91E7C06E50074B3C9 /* Debug */,
				0C218BAA1E7C06E50074B3C9 /* Release */,
			);
			defaultConfigurationIsVisible = 0;
			defaultConfigurationName = Release;
		};
		0C218BAB1E7C06E50074B3C9 /* Build configuration list for PBXNativeTarget "LPDevCollectionTests" */ = {
			isa = XCConfigurationList;
			buildConfigurations = (
				0C218BAC1E7C06E50074B3C9 /* Debug */,
				0C218BAD1E7C06E50074B3C9 /* Release */,
			);
			defaultConfigurationIsVisible = 0;
			defaultConfigurationName = Release;
		};
		0C218BAE1E7C06E50074B3C9 /* Build configuration list for PBXNativeTarget "LPDevCollectionUITests" */ = {
			isa = XCConfigurationList;
			buildConfigurations = (
				0C218BAF1E7C06E50074B3C9 /* Debug */,
				0C218BB01E7C06E50074B3C9 /* Release */,
			);
			defaultConfigurationIsVisible = 0;
			defaultConfigurationName = Release;
		};
/* End XCConfigurationList section */
	};
	rootObject = 0C218B731E7C06E50074B3C9 /* Project object */;
}
